
Microsoft Visual Studio Solution File, Format Version 12.00
# Visual Studio 14
VisualStudioVersion = 14.0.25420.1
MinimumVisualStudioVersion = 10.0.40219.1
Project("{FAE04EC0-301F-11D3-BF4B-00C04F79EFBC}") = "PasswordService.Common", "PasswordService.Common\PasswordService.Common.csproj", "{21C3C82D-745B-41D8-AFB8-410321A7782C}"
EndProject
Project("{FAE04EC0-301F-11D3-BF4B-00C04F79EFBC}") = "PasswordService.Web.Api", "PasswordService.Web.Api\PasswordService.Web.Api.csproj", "{BECB575C-4EF9-4DF9-8CBB-9F536540F63E}"
EndProject
Global
	GlobalSection(SolutionConfigurationPlatforms) = preSolution
		Debug|Any CPU = Debug|Any CPU
		Release|Any CPU = Release|Any CPU
	EndGlobalSection
	GlobalSection(ProjectConfigurationPlatforms) = postSolution
		{21C3C82D-745B-41D8-AFB8-410321A7782C}.Debug|Any CPU.ActiveCfg = Debug|Any CPU
		{21C3C82D-745B-41D8-AFB8-410321A7782C}.Debug|Any CPU.Build.0 = Debug|Any CPU
		{21C3C82D-745B-41D8-AFB8-410321A7782C}.Release|Any CPU.ActiveCfg = Release|Any CPU
		{21C3C82D-745B-41D8-AFB8-410321A7782C}.Release|Any CPU.Build.0 = Release|Any CPU
		{BECB575C-4EF9-4DF9-8CBB-9F536540F63E}.Debug|Any CPU.ActiveCfg = Debug|Any CPU
		{BECB575C-4EF9-4DF9-8CBB-9F536540F63E}.Debug|Any CPU.Build.0 = Debug|Any CPU
		{BECB575C-4EF9-4DF9-8CBB-9F536540F63E}.Release|Any CPU.ActiveCfg = Release|Any CPU
		{BECB575C-4EF9-4DF9-8CBB-9F536540F63E}.Release|Any CPU.Build.0 = Release|Any CPU
	EndGlobalSection
	GlobalSection(SolutionProperties) = preSolution
		HideSolutionNode = FALSE
	EndGlobalSection
EndGlobal
