
Microsoft Visual Studio Solution File, Format Version 12.00
# Visual Studio 15
VisualStudioVersion = 15.0.26228.9
MinimumVisualStudioVersion = 10.0.40219.1
Project("{A07B5EB6-E848-4116-A8D0-A826331D98C6}") = "PasswordService", "PasswordService\PasswordService.sfproj", "{69F0F252-283E-49F9-822C-3B7CF841E448}"
EndProject
Project("{FAE04EC0-301F-11D3-BF4B-00C04F79EFBC}") = "PasswordApi", "PasswordApi\PasswordApi.csproj", "{9CDCDD8D-A6F0-46F5-BB2C-BA8A5173F84F}"
EndProject
Global
	GlobalSection(SolutionConfigurationPlatforms) = preSolution
		Debug|x64 = Debug|x64
		Release|x64 = Release|x64
	EndGlobalSection
	GlobalSection(ProjectConfigurationPlatforms) = postSolution
		{69F0F252-283E-49F9-822C-3B7CF841E448}.Debug|x64.ActiveCfg = Debug|x64
		{69F0F252-283E-49F9-822C-3B7CF841E448}.Debug|x64.Build.0 = Debug|x64
		{69F0F252-283E-49F9-822C-3B7CF841E448}.Debug|x64.Deploy.0 = Debug|x64
		{69F0F252-283E-49F9-822C-3B7CF841E448}.Release|x64.ActiveCfg = Release|x64
		{69F0F252-283E-49F9-822C-3B7CF841E448}.Release|x64.Build.0 = Release|x64
		{69F0F252-283E-49F9-822C-3B7CF841E448}.Release|x64.Deploy.0 = Release|x64
		{9CDCDD8D-A6F0-46F5-BB2C-BA8A5173F84F}.Debug|x64.ActiveCfg = Debug|x64
		{9CDCDD8D-A6F0-46F5-BB2C-BA8A5173F84F}.Debug|x64.Build.0 = Debug|x64
		{9CDCDD8D-A6F0-46F5-BB2C-BA8A5173F84F}.Release|x64.ActiveCfg = Release|x64
		{9CDCDD8D-A6F0-46F5-BB2C-BA8A5173F84F}.Release|x64.Build.0 = Release|x64
	EndGlobalSection
	GlobalSection(SolutionProperties) = preSolution
		HideSolutionNode = FALSE
	EndGlobalSection
EndGlobal
